
Microsoft Visual Studio Solution File, Format Version 12.00
# Visual Studio 2013
VisualStudioVersion = 12.0.30501.0
MinimumVisualStudioVersion = 10.0.40219.1
Project("{FAE04EC0-301F-11D3-BF4B-00C04F79EFBC}") = "Cake.AliaSql", "Cake.AliaSql\Cake.AliaSql.csproj", "{FB78516A-81A3-43DC-BC79-1E719A4B4D15}"
EndProject
Project("{FAE04EC0-301F-11D3-BF4B-00C04F79EFBC}") = "Cake.AliaSql.Tests", "Cake.AliaSql.Tests\Cake.AliaSql.Tests.csproj", "{1E746F47-9585-4754-BA76-EF151B1D9F2F}"
EndProject
Project("{2150E333-8FDC-42A3-9474-1A3956D46DE8}") = "Build", "Build", "{60E66829-5894-4314-9490-A080597032A2}"
	ProjectSection(SolutionItems) = preProject
		..\build.cake = ..\build.cake
		..\build.cmd = ..\build.cmd
		..\Cake.AliaSql.nuspec = ..\Cake.AliaSql.nuspec
		..\MyGet.cmd = ..\MyGet.cmd
	EndProjectSection
EndProject
Project("{2150E333-8FDC-42A3-9474-1A3956D46DE8}") = "Meta", "Meta", "{795052E7-84E8-4B82-AF02-23D6141F9755}"
	ProjectSection(SolutionItems) = preProject
		..\LICENSE = ..\LICENSE
		..\README.md = ..\README.md
	EndProjectSection
EndProject
Global
	GlobalSection(SolutionConfigurationPlatforms) = preSolution
		Debug|Any CPU = Debug|Any CPU
		Release|Any CPU = Release|Any CPU
	EndGlobalSection
	GlobalSection(ProjectConfigurationPlatforms) = postSolution
		{FB78516A-81A3-43DC-BC79-1E719A4B4D15}.Debug|Any CPU.ActiveCfg = Debug|Any CPU
		{FB78516A-81A3-43DC-BC79-1E719A4B4D15}.Debug|Any CPU.Build.0 = Debug|Any CPU
		{FB78516A-81A3-43DC-BC79-1E719A4B4D15}.Release|Any CPU.ActiveCfg = Release|Any CPU
		{FB78516A-81A3-43DC-BC79-1E719A4B4D15}.Release|Any CPU.Build.0 = Release|Any CPU
		{1E746F47-9585-4754-BA76-EF151B1D9F2F}.Debug|Any CPU.ActiveCfg = Debug|Any CPU
		{1E746F47-9585-4754-BA76-EF151B1D9F2F}.Debug|Any CPU.Build.0 = Debug|Any CPU
		{1E746F47-9585-4754-BA76-EF151B1D9F2F}.Release|Any CPU.ActiveCfg = Release|Any CPU
		{1E746F47-9585-4754-BA76-EF151B1D9F2F}.Release|Any CPU.Build.0 = Release|Any CPU
	EndGlobalSection
	GlobalSection(SolutionProperties) = preSolution
		HideSolutionNode = FALSE
	EndGlobalSection
EndGlobal
